
Microsoft Visual Studio Solution File, Format Version 12.00
# Visual Studio Version 16
VisualStudioVersion = 16.0.32002.261
MinimumVisualStudioVersion = 10.0.40219.1
Project("{9A19103F-16F7-4668-BE54-9A1E7A4F7556}") = "projectHotel", "projectHotel\projectHotel.csproj", "{2804ED8C-089E-4127-B81C-7C96A170B7B1}"
EndProject
Project("{2150E333-8FDC-42A3-9474-1A3956D46DE8}") = "Solution Items", "Solution Items", "{38F90453-F894-4185-BF92-82E1B570DC2C}"
	ProjectSection(SolutionItems) = preProject
		.editorconfig = .editorconfig
	EndProjectSection
EndProject
Global
	GlobalSection(SolutionConfigurationPlatforms) = preSolution
		Debug|Any CPU = Debug|Any CPU
		Release|Any CPU = Release|Any CPU
	EndGlobalSection
	GlobalSection(ProjectConfigurationPlatforms) = postSolution
		{2804ED8C-089E-4127-B81C-7C96A170B7B1}.Debug|Any CPU.ActiveCfg = Debug|Any CPU
		{2804ED8C-089E-4127-B81C-7C96A170B7B1}.Debug|Any CPU.Build.0 = Debug|Any CPU
		{2804ED8C-089E-4127-B81C-7C96A170B7B1}.Release|Any CPU.ActiveCfg = Release|Any CPU
		{2804ED8C-089E-4127-B81C-7C96A170B7B1}.Release|Any CPU.Build.0 = Release|Any CPU
	EndGlobalSection
	GlobalSection(SolutionProperties) = preSolution
		HideSolutionNode = FALSE
	EndGlobalSection
	GlobalSection(ExtensibilityGlobals) = postSolution
		SolutionGuid = {302D8037-0327-45CE-8530-C3A235D4A59C}
	EndGlobalSection
EndGlobal
